# This file is autogenerated, do not edit; changes may be undone by the next 'dep ensure'.


[[projects]]
  digest = "1:2694597a20d303502ad1b7f1cc688977c7dc34da732ccf4d27e98b552cceed5b"
  name = "github.com/disintegration/imaging"
  packages = ["."]
  pruneopts = "UT"
  revision = "0bd5694c78c9c3d9a3cd06a706a8f3c59296a9ac"
  version = "v1.5.0"

[[projects]]
  digest = "1:af43bdaaf86655a2343f113e9b293bbc16b12099eaeb223982bbe4d4c22ba14d"
  name = "github.com/fatih/structs"
  packages = ["."]
  pruneopts = "UT"
  revision = "4966fc68f5b7593aafa6cbbba2d65ec6e1416047"
  version = "v1.1.0"

[[projects]]
  branch = "master"
  digest = "1:4eb5233ca32d8cab540e556f09476a1a45d4230e0357dc0e6cdf64321e71d7da"
  name = "github.com/go-gl/gl"
  packages = ["all-core/gl"]
  pruneopts = "UT"
  revision = "68e2537930806bfcee1b92a0e14b4e9b8bb3a3e3"

[[projects]]
  branch = "master"
  digest = "1:96519e5f428b661be4ac2ed07cff5aaab64f668e29c392fa7494dc7c04bcf71a"
  name = "github.com/go-gl/glfw"
  packages = ["v3.2/glfw"]
  pruneopts = "UT"
  revision = "691ee1b84c51ae625ed1aafebc915d3db3d63d66"

[[projects]]
  branch = "master"
  digest = "1:7a6377256f670508711c56c25556d639e673c0fa0f519c5a758fdcbfc8af9ac8"
  name = "github.com/golang/freetype"
  packages = [
    ".",
    "raster",
    "truetype",
  ]
  pruneopts = "UT"
  revision = "e2365dfdc4a05e4b8299a783240d4a7d5a65d4e4"

[[projects]]
  branch = "master"
  digest = "1:55a49b462fac94fd647aec324bfa362a499d0bc302fbf235dc5b9a49b6488f20"
  name = "github.com/kivutar/glfont"
  packages = ["."]
  pruneopts = "UT"
  revision = "dccd8efcf1147ce1ddfc970cb5edfae6d18023ba"

[[projects]]
  digest = "1:c65a16ac77d0b1aefc7009cabb6ac5ad05def02025f5be85f450c03f52cc6f86"
  name = "github.com/lucasb-eyer/go-colorful"
  packages = ["."]
  pruneopts = "UT"
  revision = "345fbb3dbcdb252d9985ee899a84963c0fa24c82"
  version = "v1.0"

[[projects]]
  branch = "master"
  digest = "1:146c758f40e00253a7fb46055d86ad69ddcddbf7da07fdb3c6e0b88941702afe"
  name = "github.com/tanema/gween"
  packages = [
    ".",
    "ease",
  ]
  pruneopts = "UT"
  revision = "f05d97ee644dd83b6af2f3921287e06974160eed"

[[projects]]
  branch = "master"
  digest = "1:759e3d3f934e59167dcae65e5270630d0ae1c51d97d3080725dee05146502fa3"
  name = "golang.org/x/image"
  packages = [
    "bmp",
    "font",
    "math/fixed",
    "tiff",
    "tiff/lzw",
  ]
  pruneopts = "UT"
  revision = "991ec62608f3c0da01d400756917825d1e2fd528"

[[projects]]
  branch = "master"
  digest = "1:7f3279bd572f6e2cb6e5e3d4575ba6b1be4d1781b7859f3e086501c555c05b72"
  name = "golang.org/x/mobile"
  packages = [
    "exp/audio/al",
    "internal/mobileinit",
  ]
  pruneopts = "UT"
  revision = "92f3b9caf7ba8f4f9c10074225afcba0cba47a62"

[solve-meta]
  analyzer-name = "dep"
  analyzer-version = 1
  input-imports = [
    "github.com/disintegration/imaging",
    "github.com/fatih/structs",
    "github.com/go-gl/gl/all-core/gl",
    "github.com/go-gl/glfw/v3.2/glfw",
    "github.com/kivutar/glfont",
    "github.com/lucasb-eyer/go-colorful",
    "github.com/tanema/gween",
    "github.com/tanema/gween/ease",
    "golang.org/x/mobile/exp/audio/al",
  ]
  solver-name = "gps-cdcl"
  solver-version = 1
